
Microsoft Visual Studio Solution File, Format Version 12.00
# Visual Studio 15
VisualStudioVersion = 15.0.27703.2026
MinimumVisualStudioVersion = 10.0.40219.1
Project("{FAE04EC0-301F-11D3-BF4B-00C04F79EFBC}") = "XamarinFormsCards.Android", "XamarinFormsCards\XamarinFormsCards.Android\XamarinFormsCards.Android.csproj", "{E67C947A-14A2-4F8F-89A6-53D6988FE500}"
EndProject
Project("{FAE04EC0-301F-11D3-BF4B-00C04F79EFBC}") = "XamarinFormsCards.iOS", "XamarinFormsCards\XamarinFormsCards.iOS\XamarinFormsCards.iOS.csproj", "{7B58B704-DBE4-487B-A5CB-B69009AD13A6}"
EndProject
Project("{FAE04EC0-301F-11D3-BF4B-00C04F79EFBC}") = "XamarinFormsCards", "XamarinFormsCards\XamarinFormsCards\XamarinFormsCards.csproj", "{31E6D92C-84B4-4F84-A693-D6D373B01CF9}"
EndProject
Global
	GlobalSection(SolutionConfigurationPlatforms) = preSolution
		Debug|Any CPU = Debug|Any CPU
		Debug|iPhone = Debug|iPhone
		Debug|iPhoneSimulator = Debug|iPhoneSimulator
		Release|Any CPU = Release|Any CPU
		Release|iPhone = Release|iPhone
		Release|iPhoneSimulator = Release|iPhoneSimulator
	EndGlobalSection
	GlobalSection(ProjectConfigurationPlatforms) = postSolution
		{E67C947A-14A2-4F8F-89A6-53D6988FE500}.Debug|Any CPU.ActiveCfg = Debug|Any CPU
		{E67C947A-14A2-4F8F-89A6-53D6988FE500}.Debug|Any CPU.Build.0 = Debug|Any CPU
		{E67C947A-14A2-4F8F-89A6-53D6988FE500}.Debug|Any CPU.Deploy.0 = Debug|Any CPU
		{E67C947A-14A2-4F8F-89A6-53D6988FE500}.Debug|iPhone.ActiveCfg = Debug|Any CPU
		{E67C947A-14A2-4F8F-89A6-53D6988FE500}.Debug|iPhone.Build.0 = Debug|Any CPU
		{E67C947A-14A2-4F8F-89A6-53D6988FE500}.Debug|iPhone.Deploy.0 = Debug|Any CPU
		{E67C947A-14A2-4F8F-89A6-53D6988FE500}.Debug|iPhoneSimulator.ActiveCfg = Debug|Any CPU
		{E67C947A-14A2-4F8F-89A6-53D6988FE500}.Debug|iPhoneSimulator.Build.0 = Debug|Any CPU
		{E67C947A-14A2-4F8F-89A6-53D6988FE500}.Debug|iPhoneSimulator.Deploy.0 = Debug|Any CPU
		{E67C947A-14A2-4F8F-89A6-53D6988FE500}.Release|Any CPU.ActiveCfg = Release|Any CPU
		{E67C947A-14A2-4F8F-89A6-53D6988FE500}.Release|Any CPU.Build.0 = Release|Any CPU
		{E67C947A-14A2-4F8F-89A6-53D6988FE500}.Release|Any CPU.Deploy.0 = Release|Any CPU
		{E67C947A-14A2-4F8F-89A6-53D6988FE500}.Release|iPhone.ActiveCfg = Release|Any CPU
		{E67C947A-14A2-4F8F-89A6-53D6988FE500}.Release|iPhone.Build.0 = Release|Any CPU
		{E67C947A-14A2-4F8F-89A6-53D6988FE500}.Release|iPhone.Deploy.0 = Release|Any CPU
		{E67C947A-14A2-4F8F-89A6-53D6988FE500}.Release|iPhoneSimulator.ActiveCfg = Release|Any CPU
		{E67C947A-14A2-4F8F-89A6-53D6988FE500}.Release|iPhoneSimulator.Build.0 = Release|Any CPU
		{E67C947A-14A2-4F8F-89A6-53D6988FE500}.Release|iPhoneSimulator.Deploy.0 = Release|Any CPU
		{7B58B704-DBE4-487B-A5CB-B69009AD13A6}.Debug|Any CPU.ActiveCfg = Debug|iPhoneSimulator
		{7B58B704-DBE4-487B-A5CB-B69009AD13A6}.Debug|Any CPU.Build.0 = Debug|iPhoneSimulator
		{7B58B704-DBE4-487B-A5CB-B69009AD13A6}.Debug|Any CPU.Deploy.0 = Debug|iPhoneSimulator
		{7B58B704-DBE4-487B-A5CB-B69009AD13A6}.Debug|iPhone.ActiveCfg = Debug|iPhone
		{7B58B704-DBE4-487B-A5CB-B69009AD13A6}.Debug|iPhone.Build.0 = Debug|iPhone
		{7B58B704-DBE4-487B-A5CB-B69009AD13A6}.Debug|iPhone.Deploy.0 = Debug|iPhone
		{7B58B704-DBE4-487B-A5CB-B69009AD13A6}.Debug|iPhoneSimulator.ActiveCfg = Debug|iPhoneSimulator
		{7B58B704-DBE4-487B-A5CB-B69009AD13A6}.Debug|iPhoneSimulator.Build.0 = Debug|iPhoneSimulator
		{7B58B704-DBE4-487B-A5CB-B69009AD13A6}.Debug|iPhoneSimulator.Deploy.0 = Debug|iPhoneSimulator
		{7B58B704-DBE4-487B-A5CB-B69009AD13A6}.Release|Any CPU.ActiveCfg = Release|iPhone
		{7B58B704-DBE4-487B-A5CB-B69009AD13A6}.Release|Any CPU.Build.0 = Release|iPhone
		{7B58B704-DBE4-487B-A5CB-B69009AD13A6}.Release|Any CPU.Deploy.0 = Release|iPhone
		{7B58B704-DBE4-487B-A5CB-B69009AD13A6}.Release|iPhone.ActiveCfg = Release|iPhone
		{7B58B704-DBE4-487B-A5CB-B69009AD13A6}.Release|iPhone.Build.0 = Release|iPhone
		{7B58B704-DBE4-487B-A5CB-B69009AD13A6}.Release|iPhone.Deploy.0 = Release|iPhone
		{7B58B704-DBE4-487B-A5CB-B69009AD13A6}.Release|iPhoneSimulator.ActiveCfg = Release|iPhoneSimulator
		{7B58B704-DBE4-487B-A5CB-B69009AD13A6}.Release|iPhoneSimulator.Build.0 = Release|iPhoneSimulator
		{7B58B704-DBE4-487B-A5CB-B69009AD13A6}.Release|iPhoneSimulator.Deploy.0 = Release|iPhoneSimulator
		{31E6D92C-84B4-4F84-A693-D6D373B01CF9}.Debug|Any CPU.ActiveCfg = Debug|Any CPU
		{31E6D92C-84B4-4F84-A693-D6D373B01CF9}.Debug|Any CPU.Build.0 = Debug|Any CPU
		{31E6D92C-84B4-4F84-A693-D6D373B01CF9}.Debug|Any CPU.Deploy.0 = Debug|Any CPU
		{31E6D92C-84B4-4F84-A693-D6D373B01CF9}.Debug|iPhone.ActiveCfg = Debug|Any CPU
		{31E6D92C-84B4-4F84-A693-D6D373B01CF9}.Debug|iPhone.Build.0 = Debug|Any CPU
		{31E6D92C-84B4-4F84-A693-D6D373B01CF9}.Debug|iPhone.Deploy.0 = Debug|Any CPU
		{31E6D92C-84B4-4F84-A693-D6D373B01CF9}.Debug|iPhoneSimulator.ActiveCfg = Debug|Any CPU
		{31E6D92C-84B4-4F84-A693-D6D373B01CF9}.Debug|iPhoneSimulator.Build.0 = Debug|Any CPU
		{31E6D92C-84B4-4F84-A693-D6D373B01CF9}.Debug|iPhoneSimulator.Deploy.0 = Debug|Any CPU
		{31E6D92C-84B4-4F84-A693-D6D373B01CF9}.Release|Any CPU.ActiveCfg = Release|Any CPU
		{31E6D92C-84B4-4F84-A693-D6D373B01CF9}.Release|Any CPU.Build.0 = Release|Any CPU
		{31E6D92C-84B4-4F84-A693-D6D373B01CF9}.Release|Any CPU.Deploy.0 = Release|Any CPU
		{31E6D92C-84B4-4F84-A693-D6D373B01CF9}.Release|iPhone.ActiveCfg = Release|Any CPU
		{31E6D92C-84B4-4F84-A693-D6D373B01CF9}.Release|iPhone.Build.0 = Release|Any CPU
		{31E6D92C-84B4-4F84-A693-D6D373B01CF9}.Release|iPhone.Deploy.0 = Release|Any CPU
		{31E6D92C-84B4-4F84-A693-D6D373B01CF9}.Release|iPhoneSimulator.ActiveCfg = Release|Any CPU
		{31E6D92C-84B4-4F84-A693-D6D373B01CF9}.Release|iPhoneSimulator.Build.0 = Release|Any CPU
		{31E6D92C-84B4-4F84-A693-D6D373B01CF9}.Release|iPhoneSimulator.Deploy.0 = Release|Any CPU
	EndGlobalSection
	GlobalSection(SolutionProperties) = preSolution
		HideSolutionNode = FALSE
	EndGlobalSection
	GlobalSection(ExtensibilityGlobals) = postSolution
		SolutionGuid = {EBF57E2B-BA26-418C-BEEF-4A8E9F1B62D2}
	EndGlobalSection
EndGlobal
